// !$*UTF8*$!
{
	archiveVersion = 1;
	classes = {
	};
	objectVersion = 46;
	objects = {

/* Begin PBXBuildFile section */
		1F2068081BF6BDD200D04326 /* Alamofire.framework in Frameworks */ = {isa = PBXBuildFile; fileRef = 1F2067FB1BF6BD6000D04326 /* Alamofire.framework */; };
		1F2068091BF6BDD200D04326 /* Alamofire.framework in Embed Frameworks */ = {isa = PBXBuildFile; fileRef = 1F2067FB1BF6BD6000D04326 /* Alamofire.framework */; settings = {ATTRIBUTES = (CodeSignOnCopy, RemoveHeadersOnCopy, ); }; };
		1F2068141BF6BF1B00D04326 /* NotificationCenter.framework in Frameworks */ = {isa = PBXBuildFile; fileRef = 1F2068131BF6BF1B00D04326 /* NotificationCenter.framework */; };
		1F2068171BF6BF1B00D04326 /* TodayViewController.swift in Sources */ = {isa = PBXBuildFile; fileRef = 1F2068161BF6BF1B00D04326 /* TodayViewController.swift */; };
		1F20681E1BF6BF1B00D04326 /* Alarm Pad Widget.appex in Embed App Extensions */ = {isa = PBXBuildFile; fileRef = 1F2068111BF6BF1B00D04326 /* Alarm Pad Widget.appex */; settings = {ATTRIBUTES = (RemoveHeadersOnCopy, ); }; };
		1F59C54F1BF9D8B900D631A9 /* MainInterface.storyboard in Resources */ = {isa = PBXBuildFile; fileRef = 1F59C54A1BF9D8B900D631A9 /* MainInterface.storyboard */; };
		1F59C5501BF9D8B900D631A9 /* Localizable.strings in Resources */ = {isa = PBXBuildFile; fileRef = 1F59C54D1BF9D8B900D631A9 /* Localizable.strings */; };
		1F59C5521BF9DD4200D631A9 /* Localizable.swift in Sources */ = {isa = PBXBuildFile; fileRef = 1F59C5511BF9DD4200D631A9 /* Localizable.swift */; };
		1F780A631BF852A800B382A8 /* Utilities.swift in Sources */ = {isa = PBXBuildFile; fileRef = 1F780A621BF852A800B382A8 /* Utilities.swift */; };
		1F780A651BF858F000B382A8 /* AlarmController.swift in Sources */ = {isa = PBXBuildFile; fileRef = 1F780A641BF858F000B382A8 /* AlarmController.swift */; };
		1FB7A2211BF6BB410047E823 /* AppDelegate.swift in Sources */ = {isa = PBXBuildFile; fileRef = 1FB7A2201BF6BB410047E823 /* AppDelegate.swift */; };
		1FB7A2231BF6BB410047E823 /* ViewController.swift in Sources */ = {isa = PBXBuildFile; fileRef = 1FB7A2221BF6BB410047E823 /* ViewController.swift */; };
		1FB7A2261BF6BB410047E823 /* Main.storyboard in Resources */ = {isa = PBXBuildFile; fileRef = 1FB7A2241BF6BB410047E823 /* Main.storyboard */; };
		1FB7A2281BF6BB410047E823 /* Assets.xcassets in Resources */ = {isa = PBXBuildFile; fileRef = 1FB7A2271BF6BB410047E823 /* Assets.xcassets */; };
		1FB7A22B1BF6BB410047E823 /* LaunchScreen.storyboard in Resources */ = {isa = PBXBuildFile; fileRef = 1FB7A2291BF6BB410047E823 /* LaunchScreen.storyboard */; };
/* End PBXBuildFile section */

/* Begin PBXContainerItemProxy section */
		1F2067FA1BF6BD6000D04326 /* PBXContainerItemProxy */ = {
			isa = PBXContainerItemProxy;
			containerPortal = 1F2067F01BF6BD6000D04326 /* Alamofire.xcodeproj */;
			proxyType = 2;
			remoteGlobalIDString = F8111E3319A95C8B0040E7D1;
			remoteInfo = "Alamofire iOS";
		};
		1F2067FC1BF6BD6000D04326 /* PBXContainerItemProxy */ = {
			isa = PBXContainerItemProxy;
			containerPortal = 1F2067F01BF6BD6000D04326 /* Alamofire.xcodeproj */;
			proxyType = 2;
			remoteGlobalIDString = F8111E3E19A95C8B0040E7D1;
			remoteInfo = "Alamofire iOS Tests";
		};
		1F2067FE1BF6BD6000D04326 /* PBXContainerItemProxy */ = {
			isa = PBXContainerItemProxy;
			containerPortal = 1F2067F01BF6BD6000D04326 /* Alamofire.xcodeproj */;
			proxyType = 2;
			remoteGlobalIDString = 4DD67C0B1A5C55C900ED2280;
			remoteInfo = "Alamofire OSX";
		};
		1F2068001BF6BD6000D04326 /* PBXContainerItemProxy */ = {
			isa = PBXContainerItemProxy;
			containerPortal = 1F2067F01BF6BD6000D04326 /* Alamofire.xcodeproj */;
			proxyType = 2;
			remoteGlobalIDString = F829C6B21A7A94F100A2CD59;
			remoteInfo = "Alamofire OSX Tests";
		};
		1F2068021BF6BD6000D04326 /* PBXContainerItemProxy */ = {
			isa = PBXContainerItemProxy;
			containerPortal = 1F2067F01BF6BD6000D04326 /* Alamofire.xcodeproj */;
			proxyType = 2;
			remoteGlobalIDString = 4CF626EF1BA7CB3E0011A099;
			remoteInfo = "Alamofire tvOS";
		};
		1F2068041BF6BD6000D04326 /* PBXContainerItemProxy */ = {
			isa = PBXContainerItemProxy;
			containerPortal = 1F2067F01BF6BD6000D04326 /* Alamofire.xcodeproj */;
			proxyType = 2;
			remoteGlobalIDString = 4CF626F81BA7CB3E0011A099;
			remoteInfo = "Alamofire tvOS Tests";
		};
		1F2068061BF6BD6000D04326 /* PBXContainerItemProxy */ = {
			isa = PBXContainerItemProxy;
			containerPortal = 1F2067F01BF6BD6000D04326 /* Alamofire.xcodeproj */;
			proxyType = 2;
			remoteGlobalIDString = E4202FE01B667AA100C997FB;
			remoteInfo = "Alamofire watchOS";
		};
		1F20680A1BF6BDD200D04326 /* PBXContainerItemProxy */ = {
			isa = PBXContainerItemProxy;
			containerPortal = 1F2067F01BF6BD6000D04326 /* Alamofire.xcodeproj */;
			proxyType = 1;
			remoteGlobalIDString = F8111E3219A95C8B0040E7D1;
			remoteInfo = "Alamofire iOS";
		};
		1F20681C1BF6BF1B00D04326 /* PBXContainerItemProxy */ = {
			isa = PBXContainerItemProxy;
			containerPortal = 1FB7A2151BF6BB410047E823 /* Project object */;
			proxyType = 1;
			remoteGlobalIDString = 1F2068101BF6BF1B00D04326;
			remoteInfo = "Alarm Pad Widget";
		};
/* End PBXContainerItemProxy section */

/* Begin PBXCopyFilesBuildPhase section */
		1F20680C1BF6BDD200D04326 /* Embed Frameworks */ = {
			isa = PBXCopyFilesBuildPhase;
			buildActionMask = 2147483647;
			dstPath = "";
			dstSubfolderSpec = 10;
			files = (
				1F2068091BF6BDD200D04326 /* Alamofire.framework in Embed Frameworks */,
			);
			name = "Embed Frameworks";
			runOnlyForDeploymentPostprocessing = 0;
		};
		1F2068221BF6BF1B00D04326 /* Embed App Extensions */ = {
			isa = PBXCopyFilesBuildPhase;
			buildActionMask = 2147483647;
			dstPath = "";
			dstSubfolderSpec = 13;
			files = (
				1F20681E1BF6BF1B00D04326 /* Alarm Pad Widget.appex in Embed App Extensions */,
			);
			name = "Embed App Extensions";
			runOnlyForDeploymentPostprocessing = 0;
		};
/* End PBXCopyFilesBuildPhase section */

/* Begin PBXFileReference section */
		1F2067F01BF6BD6000D04326 /* Alamofire.xcodeproj */ = {isa = PBXFileReference; lastKnownFileType = "wrapper.pb-project"; name = Alamofire.xcodeproj; path = Alamofire/Alamofire.xcodeproj; sourceTree = "<group>"; };
		1F2068111BF6BF1B00D04326 /* Alarm Pad Widget.appex */ = {isa = PBXFileReference; explicitFileType = "wrapper.app-extension"; includeInIndex = 0; path = "Alarm Pad Widget.appex"; sourceTree = BUILT_PRODUCTS_DIR; };
		1F2068131BF6BF1B00D04326 /* NotificationCenter.framework */ = {isa = PBXFileReference; lastKnownFileType = wrapper.framework; name = NotificationCenter.framework; path = System/Library/Frameworks/NotificationCenter.framework; sourceTree = SDKROOT; };
		1F2068161BF6BF1B00D04326 /* TodayViewController.swift */ = {isa = PBXFileReference; lastKnownFileType = sourcecode.swift; path = TodayViewController.swift; sourceTree = "<group>"; };
		1F20681B1BF6BF1B00D04326 /* Info.plist */ = {isa = PBXFileReference; lastKnownFileType = text.plist.xml; path = Info.plist; sourceTree = "<group>"; };
		1F59C54B1BF9D8B900D631A9 /* Base */ = {isa = PBXFileReference; lastKnownFileType = file.storyboard; name = Base; path = MainInterface.storyboard; sourceTree = "<group>"; };
		1F59C54E1BF9D8B900D631A9 /* en */ = {isa = PBXFileReference; lastKnownFileType = text.plist.strings; name = en; path = Localizable.strings; sourceTree = "<group>"; };
		1F59C5511BF9DD4200D631A9 /* Localizable.swift */ = {isa = PBXFileReference; fileEncoding = 4; lastKnownFileType = sourcecode.swift; path = Localizable.swift; sourceTree = "<group>"; };
		1F780A621BF852A800B382A8 /* Utilities.swift */ = {isa = PBXFileReference; fileEncoding = 4; lastKnownFileType = sourcecode.swift; path = Utilities.swift; sourceTree = "<group>"; };
		1F780A641BF858F000B382A8 /* AlarmController.swift */ = {isa = PBXFileReference; fileEncoding = 4; lastKnownFileType = sourcecode.swift; path = AlarmController.swift; sourceTree = "<group>"; };
		1FB7A21D1BF6BB410047E823 /* Alarm Pad.app */ = {isa = PBXFileReference; explicitFileType = wrapper.application; includeInIndex = 0; path = "Alarm Pad.app"; sourceTree = BUILT_PRODUCTS_DIR; };
		1FB7A2201BF6BB410047E823 /* AppDelegate.swift */ = {isa = PBXFileReference; lastKnownFileType = sourcecode.swift; path = AppDelegate.swift; sourceTree = "<group>"; };
		1FB7A2221BF6BB410047E823 /* ViewController.swift */ = {isa = PBXFileReference; lastKnownFileType = sourcecode.swift; path = ViewController.swift; sourceTree = "<group>"; };
		1FB7A2251BF6BB410047E823 /* Base */ = {isa = PBXFileReference; lastKnownFileType = file.storyboard; name = Base; path = Base.lproj/Main.storyboard; sourceTree = "<group>"; };
		1FB7A2271BF6BB410047E823 /* Assets.xcassets */ = {isa = PBXFileReference; lastKnownFileType = folder.assetcatalog; path = Assets.xcassets; sourceTree = "<group>"; };
		1FB7A22A1BF6BB410047E823 /* Base */ = {isa = PBXFileReference; lastKnownFileType = file.storyboard; name = Base; path = Base.lproj/LaunchScreen.storyboard; sourceTree = "<group>"; };
		1FB7A22C1BF6BB410047E823 /* Info.plist */ = {isa = PBXFileReference; lastKnownFileType = text.plist.xml; path = Info.plist; sourceTree = "<group>"; };
/* End PBXFileReference section */

/* Begin PBXFrameworksBuildPhase section */
		1F20680E1BF6BF1B00D04326 /* Frameworks */ = {
			isa = PBXFrameworksBuildPhase;
			buildActionMask = 2147483647;
			files = (
				1F2068141BF6BF1B00D04326 /* NotificationCenter.framework in Frameworks */,
			);
			runOnlyForDeploymentPostprocessing = 0;
		};
		1FB7A21A1BF6BB410047E823 /* Frameworks */ = {
			isa = PBXFrameworksBuildPhase;
			buildActionMask = 2147483647;
			files = (
				1F2068081BF6BDD200D04326 /* Alamofire.framework in Frameworks */,
			);
			runOnlyForDeploymentPostprocessing = 0;
		};
/* End PBXFrameworksBuildPhase section */

/* Begin PBXGroup section */
		1F2067F11BF6BD6000D04326 /* Products */ = {
			isa = PBXGroup;
			children = (
				1F2067FB1BF6BD6000D04326 /* Alamofire.framework */,
				1F2067FD1BF6BD6000D04326 /* Alamofire iOS Tests.xctest */,
				1F2067FF1BF6BD6000D04326 /* Alamofire.framework */,
				1F2068011BF6BD6000D04326 /* Alamofire OSX Tests.xctest */,
				1F2068031BF6BD6000D04326 /* Alamofire.framework */,
				1F2068051BF6BD6000D04326 /* Alamofire tvOS Tests.xctest */,
				1F2068071BF6BD6000D04326 /* Alamofire.framework */,
			);
			name = Products;
			sourceTree = "<group>";
		};
		1F2068121BF6BF1B00D04326 /* Frameworks */ = {
			isa = PBXGroup;
			children = (
				1F2068131BF6BF1B00D04326 /* NotificationCenter.framework */,
			);
			name = Frameworks;
			sourceTree = "<group>";
		};
		1F2068151BF6BF1B00D04326 /* Alarm Pad Widget */ = {
			isa = PBXGroup;
			children = (
				1F59C5491BF9D8B900D631A9 /* Base.lproj */,
				1F59C54C1BF9D8B900D631A9 /* en.lproj */,
				1F780A621BF852A800B382A8 /* Utilities.swift */,
				1F59C5511BF9DD4200D631A9 /* Localizable.swift */,
				1F780A641BF858F000B382A8 /* AlarmController.swift */,
				1F2068161BF6BF1B00D04326 /* TodayViewController.swift */,
				1F20681B1BF6BF1B00D04326 /* Info.plist */,
			);
			path = "Alarm Pad Widget";
			sourceTree = "<group>";
		};
		1F59C5491BF9D8B900D631A9 /* Base.lproj */ = {
			isa = PBXGroup;
			children = (
				1F59C54A1BF9D8B900D631A9 /* MainInterface.storyboard */,
			);
			path = Base.lproj;
			sourceTree = "<group>";
		};
		1F59C54C1BF9D8B900D631A9 /* en.lproj */ = {
			isa = PBXGroup;
			children = (
				1F59C54D1BF9D8B900D631A9 /* Localizable.strings */,
			);
			path = en.lproj;
			sourceTree = "<group>";
		};
		1FB7A2141BF6BB410047E823 = {
			isa = PBXGroup;
			children = (
				1FB7A21F1BF6BB410047E823 /* Alarm Pad */,
				1F2068151BF6BF1B00D04326 /* Alarm Pad Widget */,
				1F2068121BF6BF1B00D04326 /* Frameworks */,
				1FB7A21E1BF6BB410047E823 /* Products */,
				1F2067F01BF6BD6000D04326 /* Alamofire.xcodeproj */,
			);
			sourceTree = "<group>";
		};
		1FB7A21E1BF6BB410047E823 /* Products */ = {
			isa = PBXGroup;
			children = (
				1FB7A21D1BF6BB410047E823 /* Alarm Pad.app */,
				1F2068111BF6BF1B00D04326 /* Alarm Pad Widget.appex */,
			);
			name = Products;
			sourceTree = "<group>";
		};
		1FB7A21F1BF6BB410047E823 /* Alarm Pad */ = {
			isa = PBXGroup;
			children = (
				1FB7A2201BF6BB410047E823 /* AppDelegate.swift */,
				1FB7A2221BF6BB410047E823 /* ViewController.swift */,
				1FB7A2241BF6BB410047E823 /* Main.storyboard */,
				1FB7A2271BF6BB410047E823 /* Assets.xcassets */,
				1FB7A2291BF6BB410047E823 /* LaunchScreen.storyboard */,
				1FB7A22C1BF6BB410047E823 /* Info.plist */,
			);
			path = "Alarm Pad";
			sourceTree = "<group>";
		};
/* End PBXGroup section */

/* Begin PBXNativeTarget section */
		1F2068101BF6BF1B00D04326 /* Alarm Pad Widget */ = {
			isa = PBXNativeTarget;
			buildConfigurationList = 1F20681F1BF6BF1B00D04326 /* Build configuration list for PBXNativeTarget "Alarm Pad Widget" */;
			buildPhases = (
				1F20680D1BF6BF1B00D04326 /* Sources */,
				1F20680E1BF6BF1B00D04326 /* Frameworks */,
				1F20680F1BF6BF1B00D04326 /* Resources */,
			);
			buildRules = (
			);
			dependencies = (
			);
			name = "Alarm Pad Widget";
			productName = "Alarm Pad Widget";
			productReference = 1F2068111BF6BF1B00D04326 /* Alarm Pad Widget.appex */;
			productType = "com.apple.product-type.app-extension";
		};
		1FB7A21C1BF6BB410047E823 /* Alarm Pad */ = {
			isa = PBXNativeTarget;
			buildConfigurationList = 1FB7A22F1BF6BB410047E823 /* Build configuration list for PBXNativeTarget "Alarm Pad" */;
			buildPhases = (
				1FB7A2191BF6BB410047E823 /* Sources */,
				1FB7A21A1BF6BB410047E823 /* Frameworks */,
				1FB7A21B1BF6BB410047E823 /* Resources */,
				1F20680C1BF6BDD200D04326 /* Embed Frameworks */,
				1F2068221BF6BF1B00D04326 /* Embed App Extensions */,
			);
			buildRules = (
			);
			dependencies = (
				1F20680B1BF6BDD200D04326 /* PBXTargetDependency */,
				1F20681D1BF6BF1B00D04326 /* PBXTargetDependency */,
			);
			name = "Alarm Pad";
			productName = "Alarm Pad";
			productReference = 1FB7A21D1BF6BB410047E823 /* Alarm Pad.app */;
			productType = "com.apple.product-type.application";
		};
/* End PBXNativeTarget section */

/* Begin PBXProject section */
		1FB7A2151BF6BB410047E823 /* Project object */ = {
			isa = PBXProject;
			attributes = {
				LastUpgradeCheck = 0700;
				ORGANIZATIONNAME = "Travis Roman";
				TargetAttributes = {
					1F2068101BF6BF1B00D04326 = {
						CreatedOnToolsVersion = 7.0;
						DevelopmentTeam = M3M7AG8722;
					};
					1FB7A21C1BF6BB410047E823 = {
						CreatedOnToolsVersion = 7.0;
						DevelopmentTeam = M3M7AG8722;
					};
				};
			};
			buildConfigurationList = 1FB7A2181BF6BB410047E823 /* Build configuration list for PBXProject "Alarm Pad" */;
			compatibilityVersion = "Xcode 3.2";
			developmentRegion = English;
			hasScannedForEncodings = 0;
			knownRegions = (
				en,
				Base,
			);
			mainGroup = 1FB7A2141BF6BB410047E823;
			productRefGroup = 1FB7A21E1BF6BB410047E823 /* Products */;
			projectDirPath = "";
			projectReferences = (
				{
					ProductGroup = 1F2067F11BF6BD6000D04326 /* Products */;
					ProjectRef = 1F2067F01BF6BD6000D04326 /* Alamofire.xcodeproj */;
				},
			);
			projectRoot = "";
			targets = (
				1FB7A21C1BF6BB410047E823 /* Alarm Pad */,
				1F2068101BF6BF1B00D04326 /* Alarm Pad Widget */,
			);
		};
/* End PBXProject section */

/* Begin PBXReferenceProxy section */
		1F2067FB1BF6BD6000D04326 /* Alamofire.framework */ = {
			isa = PBXReferenceProxy;
			fileType = wrapper.framework;
			path = Alamofire.framework;
			remoteRef = 1F2067FA1BF6BD6000D04326 /* PBXContainerItemProxy */;
			sourceTree = BUILT_PRODUCTS_DIR;
		};
		1F2067FD1BF6BD6000D04326 /* Alamofire iOS Tests.xctest */ = {
			isa = PBXReferenceProxy;
			fileType = wrapper.cfbundle;
			path = "Alamofire iOS Tests.xctest";
			remoteRef = 1F2067FC1BF6BD6000D04326 /* PBXContainerItemProxy */;
			sourceTree = BUILT_PRODUCTS_DIR;
		};
		1F2067FF1BF6BD6000D04326 /* Alamofire.framework */ = {
			isa = PBXReferenceProxy;
			fileType = wrapper.framework;
			path = Alamofire.framework;
			remoteRef = 1F2067FE1BF6BD6000D04326 /* PBXContainerItemProxy */;
			sourceTree = BUILT_PRODUCTS_DIR;
		};
		1F2068011BF6BD6000D04326 /* Alamofire OSX Tests.xctest */ = {
			isa = PBXReferenceProxy;
			fileType = wrapper.cfbundle;
			path = "Alamofire OSX Tests.xctest";
			remoteRef = 1F2068001BF6BD6000D04326 /* PBXContainerItemProxy */;
			sourceTree = BUILT_PRODUCTS_DIR;
		};
		1F2068031BF6BD6000D04326 /* Alamofire.framework */ = {
			isa = PBXReferenceProxy;
			fileType = wrapper.framework;
			path = Alamofire.framework;
			remoteRef = 1F2068021BF6BD6000D04326 /* PBXContainerItemProxy */;
			sourceTree = BUILT_PRODUCTS_DIR;
		};
		1F2068051BF6BD6000D04326 /* Alamofire tvOS Tests.xctest */ = {
			isa = PBXReferenceProxy;
			fileType = wrapper.cfbundle;
			path = "Alamofire tvOS Tests.xctest";
			remoteRef = 1F2068041BF6BD6000D04326 /* PBXContainerItemProxy */;
			sourceTree = BUILT_PRODUCTS_DIR;
		};
		1F2068071BF6BD6000D04326 /* Alamofire.framework */ = {
			isa = PBXReferenceProxy;
			fileType = wrapper.framework;
			path = Alamofire.framework;
			remoteRef = 1F2068061BF6BD6000D04326 /* PBXContainerItemProxy */;
			sourceTree = BUILT_PRODUCTS_DIR;
		};
/* End PBXReferenceProxy section */

/* Begin PBXResourcesBuildPhase section */
		1F20680F1BF6BF1B00D04326 /* Resources */ = {
			isa = PBXResourcesBuildPhase;
			buildActionMask = 2147483647;
			files = (
				1F59C54F1BF9D8B900D631A9 /* MainInterface.storyboard in Resources */,
				1F59C5501BF9D8B900D631A9 /* Localizable.strings in Resources */,
			);
			runOnlyForDeploymentPostprocessing = 0;
		};
		1FB7A21B1BF6BB410047E823 /* Resources */ = {
			isa = PBXResourcesBuildPhase;
			buildActionMask = 2147483647;
			files = (
				1FB7A22B1BF6BB410047E823 /* LaunchScreen.storyboard in Resources */,
				1FB7A2281BF6BB410047E823 /* Assets.xcassets in Resources */,
				1FB7A2261BF6BB410047E823 /* Main.storyboard in Resources */,
			);
			runOnlyForDeploymentPostprocessing = 0;
		};
/* End PBXResourcesBuildPhase section */

/* Begin PBXSourcesBuildPhase section */
		1F20680D1BF6BF1B00D04326 /* Sources */ = {
			isa = PBXSourcesBuildPhase;
			buildActionMask = 2147483647;
			files = (
				1F780A631BF852A800B382A8 /* Utilities.swift in Sources */,
				1F780A651BF858F000B382A8 /* AlarmController.swift in Sources */,
				1F59C5521BF9DD4200D631A9 /* Localizable.swift in Sources */,
				1F2068171BF6BF1B00D04326 /* TodayViewController.swift in Sources */,
			);
			runOnlyForDeploymentPostprocessing = 0;
		};
		1FB7A2191BF6BB410047E823 /* Sources */ = {
			isa = PBXSourcesBuildPhase;
			buildActionMask = 2147483647;
			files = (
				1FB7A2231BF6BB410047E823 /* ViewController.swift in Sources */,
				1FB7A2211BF6BB410047E823 /* AppDelegate.swift in Sources */,
			);
			runOnlyForDeploymentPostprocessing = 0;
		};
/* End PBXSourcesBuildPhase section */

/* Begin PBXTargetDependency section */
		1F20680B1BF6BDD200D04326 /* PBXTargetDependency */ = {
			isa = PBXTargetDependency;
			name = "Alamofire iOS";
			targetProxy = 1F20680A1BF6BDD200D04326 /* PBXContainerItemProxy */;
		};
		1F20681D1BF6BF1B00D04326 /* PBXTargetDependency */ = {
			isa = PBXTargetDependency;
			target = 1F2068101BF6BF1B00D04326 /* Alarm Pad Widget */;
			targetProxy = 1F20681C1BF6BF1B00D04326 /* PBXContainerItemProxy */;
		};
/* End PBXTargetDependency section */

/* Begin PBXVariantGroup section */
		1F59C54A1BF9D8B900D631A9 /* MainInterface.storyboard */ = {
			isa = PBXVariantGroup;
			children = (
				1F59C54B1BF9D8B900D631A9 /* Base */,
			);
			name = MainInterface.storyboard;
			sourceTree = "<group>";
		};
		1F59C54D1BF9D8B900D631A9 /* Localizable.strings */ = {
			isa = PBXVariantGroup;
			children = (
				1F59C54E1BF9D8B900D631A9 /* en */,
			);
			name = Localizable.strings;
			sourceTree = "<group>";
		};
		1FB7A2241BF6BB410047E823 /* Main.storyboard */ = {
			isa = PBXVariantGroup;
			children = (
				1FB7A2251BF6BB410047E823 /* Base */,
			);
			name = Main.storyboard;
			sourceTree = "<group>";
		};
		1FB7A2291BF6BB410047E823 /* LaunchScreen.storyboard */ = {
			isa = PBXVariantGroup;
			children = (
				1FB7A22A1BF6BB410047E823 /* Base */,
			);
			name = LaunchScreen.storyboard;
			sourceTree = "<group>";
		};
/* End PBXVariantGroup section */

/* Begin XCBuildConfiguration section */
		1F2068201BF6BF1B00D04326 /* Debug */ = {
			isa = XCBuildConfiguration;
			buildSettings = {
				INFOPLIST_FILE = "Alarm Pad Widget/Info.plist";
				IPHONEOS_DEPLOYMENT_TARGET = 9.0;
				LD_RUNPATH_SEARCH_PATHS = "$(inherited) @executable_path/Frameworks @executable_path/../../Frameworks";
				PRODUCT_BUNDLE_IDENTIFIER = "com.toggleable.Alarm-Pad.Alarm-Pad-Widget";
				PRODUCT_NAME = "$(TARGET_NAME)";
				SKIP_INSTALL = YES;
			};
			name = Debug;
		};
		1F2068211BF6BF1B00D04326 /* Release */ = {
			isa = XCBuildConfiguration;
			buildSettings = {
				INFOPLIST_FILE = "Alarm Pad Widget/Info.plist";
				IPHONEOS_DEPLOYMENT_TARGET = 9.0;
				LD_RUNPATH_SEARCH_PATHS = "$(inherited) @executable_path/Frameworks @executable_path/../../Frameworks";
				PRODUCT_BUNDLE_IDENTIFIER = "com.toggleable.Alarm-Pad.Alarm-Pad-Widget";
				PRODUCT_NAME = "$(TARGET_NAME)";
				SKIP_INSTALL = YES;
			};
			name = Release;
		};
		1FB7A22D1BF6BB410047E823 /* Debug */ = {
			isa = XCBuildConfiguration;
			buildSettings = {
				ALWAYS_SEARCH_USER_PATHS = NO;
				CLANG_CXX_LANGUAGE_STANDARD = "gnu++0x";
				CLANG_CXX_LIBRARY = "libc++";
				CLANG_ENABLE_MODULES = YES;
				CLANG_ENABLE_OBJC_ARC = YES;
				CLANG_WARN_BOOL_CONVERSION = YES;
				CLANG_WARN_CONSTANT_CONVERSION = YES;
				CLANG_WARN_DIRECT_OBJC_ISA_USAGE = YES_ERROR;
				CLANG_WARN_EMPTY_BODY = YES;
				CLANG_WARN_ENUM_CONVERSION = YES;
				CLANG_WARN_INT_CONVERSION = YES;
				CLANG_WARN_OBJC_ROOT_CLASS = YES_ERROR;
				CLANG_WARN_UNREACHABLE_CODE = YES;
				CLANG_WARN__DUPLICATE_METHOD_MATCH = YES;
				"CODE_SIGN_IDENTITY[sdk=iphoneos*]" = "iPhone Developer";
				COPY_PHASE_STRIP = NO;
				DEBUG_INFORMATION_FORMAT = dwarf;
				ENABLE_STRICT_OBJC_MSGSEND = YES;
				ENABLE_TESTABILITY = YES;
				GCC_C_LANGUAGE_STANDARD = gnu99;
				GCC_DYNAMIC_NO_PIC = NO;
				GCC_NO_COMMON_BLOCKS = YES;
				GCC_OPTIMIZATION_LEVEL = 0;
				GCC_PREPROCESSOR_DEFINITIONS = (
					"DEBUG=1",
					"$(inherited)",
				);
				GCC_WARN_64_TO_32_BIT_CONVERSION = YES;
				GCC_WARN_ABOUT_RETURN_TYPE = YES_ERROR;
				GCC_WARN_UNDECLARED_SELECTOR = YES;
				GCC_WARN_UNINITIALIZED_AUTOS = YES_AGGRESSIVE;
				GCC_WARN_UNUSED_FUNCTION = YES;
				GCC_WARN_UNUSED_VARIABLE = YES;
				IPHONEOS_DEPLOYMENT_TARGET = 9.0;
				MTL_ENABLE_DEBUG_INFO = YES;
				ONLY_ACTIVE_ARCH = YES;
				SDKROOT = iphoneos;
				SWIFT_OPTIMIZATION_LEVEL = "-Onone";
				TARGETED_DEVICE_FAMILY = "1,2";
			};
			name = Debug;
		};
		1FB7A22E1BF6BB410047E823 /* Release */ = {
			isa = XCBuildConfiguration;
			buildSettings = {
				ALWAYS_SEARCH_USER_PATHS = NO;
				CLANG_CXX_LANGUAGE_STANDARD = "gnu++0x";
				CLANG_CXX_LIBRARY = "libc++";
				CLANG_ENABLE_MODULES = YES;
				CLANG_ENABLE_OBJC_ARC = YES;
				CLANG_WARN_BOOL_CONVERSION = YES;
				CLANG_WARN_CONSTANT_CONVERSION = YES;
				CLANG_WARN_DIRECT_OBJC_ISA_USAGE = YES_ERROR;
				CLANG_WARN_EMPTY_BODY = YES;
				CLANG_WARN_ENUM_CONVERSION = YES;
				CLANG_WARN_INT_CONVERSION = YES;
				CLANG_WARN_OBJC_ROOT_CLASS = YES_ERROR;
				CLANG_WARN_UNREACHABLE_CODE = YES;
				CLANG_WARN__DUPLICATE_METHOD_MATCH = YES;
				"CODE_SIGN_IDENTITY[sdk=iphoneos*]" = "iPhone Developer";
				COPY_PHASE_STRIP = NO;
				DEBUG_INFORMATION_FORMAT = "dwarf-with-dsym";
				ENABLE_NS_ASSERTIONS = NO;
				ENABLE_STRICT_OBJC_MSGSEND = YES;
				GCC_C_LANGUAGE_STANDARD = gnu99;
				GCC_NO_COMMON_BLOCKS = YES;
				GCC_WARN_64_TO_32_BIT_CONVERSION = YES;
				GCC_WARN_ABOUT_RETURN_TYPE = YES_ERROR;
				GCC_WARN_UNDECLARED_SELECTOR = YES;
				GCC_WARN_UNINITIALIZED_AUTOS = YES_AGGRESSIVE;
				GCC_WARN_UNUSED_FUNCTION = YES;
				GCC_WARN_UNUSED_VARIABLE = YES;
				IPHONEOS_DEPLOYMENT_TARGET = 9.0;
				MTL_ENABLE_DEBUG_INFO = NO;
				SDKROOT = iphoneos;
				TARGETED_DEVICE_FAMILY = "1,2";
				VALIDATE_PRODUCT = YES;
			};
			name = Release;
		};
		1FB7A2301BF6BB410047E823 /* Debug */ = {
			isa = XCBuildConfiguration;
			buildSettings = {
				ASSETCATALOG_COMPILER_APPICON_NAME = AppIcon;
				EMBEDDED_CONTENT_CONTAINS_SWIFT = YES;
				INFOPLIST_FILE = "Alarm Pad/Info.plist";
				IPHONEOS_DEPLOYMENT_TARGET = 9.0;
				LD_RUNPATH_SEARCH_PATHS = "$(inherited) @executable_path/Frameworks";
				PRODUCT_BUNDLE_IDENTIFIER = "com.toggleable.Alarm-Pad";
				PRODUCT_NAME = "$(TARGET_NAME)";
			};
			name = Debug;
		};
		1FB7A2311BF6BB410047E823 /* Release */ = {
			isa = XCBuildConfiguration;
			buildSettings = {
				ASSETCATALOG_COMPILER_APPICON_NAME = AppIcon;
				EMBEDDED_CONTENT_CONTAINS_SWIFT = YES;
				INFOPLIST_FILE = "Alarm Pad/Info.plist";
				IPHONEOS_DEPLOYMENT_TARGET = 9.0;
				LD_RUNPATH_SEARCH_PATHS = "$(inherited) @executable_path/Frameworks";
				PRODUCT_BUNDLE_IDENTIFIER = "com.toggleable.Alarm-Pad";
				PRODUCT_NAME = "$(TARGET_NAME)";
			};
			name = Release;
		};
/* End XCBuildConfiguration section */

/* Begin XCConfigurationList section */
		1F20681F1BF6BF1B00D04326 /* Build configuration list for PBXNativeTarget "Alarm Pad Widget" */ = {
			isa = XCConfigurationList;
			buildConfigurations = (
				1F2068201BF6BF1B00D04326 /* Debug */,
				1F2068211BF6BF1B00D04326 /* Release */,
			);
			defaultConfigurationIsVisible = 0;
			defaultConfigurationName = Release;
		};
		1FB7A2181BF6BB410047E823 /* Build configuration list for PBXProject "Alarm Pad" */ = {
			isa = XCConfigurationList;
			buildConfigurations = (
				1FB7A22D1BF6BB410047E823 /* Debug */,
				1FB7A22E1BF6BB410047E823 /* Release */,
			);
			defaultConfigurationIsVisible = 0;
			defaultConfigurationName = Release;
		};
		1FB7A22F1BF6BB410047E823 /* Build configuration list for PBXNativeTarget "Alarm Pad" */ = {
			isa = XCConfigurationList;
			buildConfigurations = (
				1FB7A2301BF6BB410047E823 /* Debug */,
				1FB7A2311BF6BB410047E823 /* Release */,
			);
			defaultConfigurationIsVisible = 0;
			defaultConfigurationName = Release;
		};
/* End XCConfigurationList section */
	};
	rootObject = 1FB7A2151BF6BB410047E823 /* Project object */;
}
